
Microsoft Visual Studio Solution File, Format Version 12.00
# Visual Studio Version 16
VisualStudioVersion = 16.0.30204.135
MinimumVisualStudioVersion = 10.0.40219.1
Project("{FAE04EC0-301F-11D3-BF4B-00C04F79EFBC}") = "LoveBoard", "LoveBoard\LoveBoard.csproj", "{552CE046-01A1-44CA-8E3D-AF269AB9D40D}"
EndProject
Global
	GlobalSection(SolutionConfigurationPlatforms) = preSolution
		Debug|Any CPU = Debug|Any CPU
		Release|Any CPU = Release|Any CPU
	EndGlobalSection
	GlobalSection(ProjectConfigurationPlatforms) = postSolution
		{552CE046-01A1-44CA-8E3D-AF269AB9D40D}.Debug|Any CPU.ActiveCfg = Debug|Any CPU
		{552CE046-01A1-44CA-8E3D-AF269AB9D40D}.Debug|Any CPU.Build.0 = Debug|Any CPU
		{552CE046-01A1-44CA-8E3D-AF269AB9D40D}.Release|Any CPU.ActiveCfg = Release|Any CPU
		{552CE046-01A1-44CA-8E3D-AF269AB9D40D}.Release|Any CPU.Build.0 = Release|Any CPU
	EndGlobalSection
	GlobalSection(SolutionProperties) = preSolution
		HideSolutionNode = FALSE
	EndGlobalSection
	GlobalSection(ExtensibilityGlobals) = postSolution
		SolutionGuid = {98F6EDE8-6F28-461E-882C-7E9A6E54D469}
	EndGlobalSection
EndGlobal
